{
  "name": "app",
  "lockfileVersion": 3,
  "requires": true,
  "packages": {
    "": {
      "dependencies": {
        "attacker": "file:tampered.tgz"
      }
    },
    "node_modules/attacker": {
      "version": "1.0.0",
      "resolved": "file:tampered.tgz",
      "integrity": "sha512-fcOuiXHe6+kUGa2QWAlfJ0dYdH3wBzo29h/zHq6kSj7ShQBrnZIzdDXx+dLQiLbZ4J+EwNqbAciiqUpCHLovlg==",
      "license": "ISC"
    }
  }
}
